
Microsoft Visual Studio Solution File, Format Version 12.00
# Visual Studio Version 16
VisualStudioVersion = 16.0.31729.503
MinimumVisualStudioVersion = 10.0.40219.1
Project("{FAE04EC0-301F-11D3-BF4B-00C04F79EFBC}") = "InjDepT3H", "InjDepT3H\InjDepT3H.csproj", "{642A1835-1C73-4321-BB31-6E707EB3D2D8}"
EndProject
Global
	GlobalSection(SolutionConfigurationPlatforms) = preSolution
		Debug|Any CPU = Debug|Any CPU
		Release|Any CPU = Release|Any CPU
	EndGlobalSection
	GlobalSection(ProjectConfigurationPlatforms) = postSolution
		{642A1835-1C73-4321-BB31-6E707EB3D2D8}.Debug|Any CPU.ActiveCfg = Debug|Any CPU
		{642A1835-1C73-4321-BB31-6E707EB3D2D8}.Debug|Any CPU.Build.0 = Debug|Any CPU
		{642A1835-1C73-4321-BB31-6E707EB3D2D8}.Release|Any CPU.ActiveCfg = Release|Any CPU
		{642A1835-1C73-4321-BB31-6E707EB3D2D8}.Release|Any CPU.Build.0 = Release|Any CPU
	EndGlobalSection
	GlobalSection(SolutionProperties) = preSolution
		HideSolutionNode = FALSE
	EndGlobalSection
	GlobalSection(ExtensibilityGlobals) = postSolution
		SolutionGuid = {8B68FBC2-23BD-4E9A-8ACD-00230064CC3B}
	EndGlobalSection
EndGlobal
